
Microsoft Visual Studio Solution File, Format Version 12.00
# Visual Studio Version 16
VisualStudioVersion = 16.0.30309.148
MinimumVisualStudioVersion = 10.0.40219.1
Project("{F184B08F-C81C-45F6-A57F-5ABD9991F28F}") = "TutorialProject", "TutorialProject.vbproj", "{533CC1B5-9081-420F-9564-0BC215C40713}"
EndProject
Global
	GlobalSection(SolutionConfigurationPlatforms) = preSolution
		Debug|Any CPU = Debug|Any CPU
		Release|Any CPU = Release|Any CPU
	EndGlobalSection
	GlobalSection(ProjectConfigurationPlatforms) = postSolution
		{533CC1B5-9081-420F-9564-0BC215C40713}.Debug|Any CPU.ActiveCfg = Debug|Any CPU
		{533CC1B5-9081-420F-9564-0BC215C40713}.Debug|Any CPU.Build.0 = Debug|Any CPU
		{533CC1B5-9081-420F-9564-0BC215C40713}.Release|Any CPU.ActiveCfg = Release|Any CPU
		{533CC1B5-9081-420F-9564-0BC215C40713}.Release|Any CPU.Build.0 = Release|Any CPU
	EndGlobalSection
	GlobalSection(SolutionProperties) = preSolution
		HideSolutionNode = FALSE
	EndGlobalSection
	GlobalSection(ExtensibilityGlobals) = postSolution
		SolutionGuid = {E69E86F0-C685-4172-942A-85D886D88157}
	EndGlobalSection
EndGlobal
